
Microsoft Visual Studio Solution File, Format Version 12.00
# Visual Studio Version 17
VisualStudioVersion = 17.4.33403.182
MinimumVisualStudioVersion = 10.0.40219.1
Project("{FAE04EC0-301F-11D3-BF4B-00C04F79EFBC}") = "AgriculturePresentation", "AgriculturePresentation\AgriculturePresentation.csproj", "{0D804C08-1B7A-451A-899E-F1C61763F9CF}"
EndProject
Project("{FAE04EC0-301F-11D3-BF4B-00C04F79EFBC}") = "EntityLayer", "EntityLayer\EntityLayer.csproj", "{16C96186-0FC4-4E8B-9E3B-F3024FD95009}"
EndProject
Project("{FAE04EC0-301F-11D3-BF4B-00C04F79EFBC}") = "DataAccessLayer", "DataAccessLayer\DataAccessLayer.csproj", "{788620B0-E64D-4E72-96CA-2A2259A233F1}"
EndProject
Project("{FAE04EC0-301F-11D3-BF4B-00C04F79EFBC}") = "BusinessLayer", "BusinessLayer\BusinessLayer.csproj", "{5123A692-7CDD-46FD-81E2-58B99A8EBB85}"
EndProject
Global
	GlobalSection(SolutionConfigurationPlatforms) = preSolution
		Debug|Any CPU = Debug|Any CPU
		Release|Any CPU = Release|Any CPU
	EndGlobalSection
	GlobalSection(ProjectConfigurationPlatforms) = postSolution
		{0D804C08-1B7A-451A-899E-F1C61763F9CF}.Debug|Any CPU.ActiveCfg = Debug|Any CPU
		{0D804C08-1B7A-451A-899E-F1C61763F9CF}.Debug|Any CPU.Build.0 = Debug|Any CPU
		{0D804C08-1B7A-451A-899E-F1C61763F9CF}.Release|Any CPU.ActiveCfg = Release|Any CPU
		{0D804C08-1B7A-451A-899E-F1C61763F9CF}.Release|Any CPU.Build.0 = Release|Any CPU
		{16C96186-0FC4-4E8B-9E3B-F3024FD95009}.Debug|Any CPU.ActiveCfg = Debug|Any CPU
		{16C96186-0FC4-4E8B-9E3B-F3024FD95009}.Debug|Any CPU.Build.0 = Debug|Any CPU
		{16C96186-0FC4-4E8B-9E3B-F3024FD95009}.Release|Any CPU.ActiveCfg = Release|Any CPU
		{16C96186-0FC4-4E8B-9E3B-F3024FD95009}.Release|Any CPU.Build.0 = Release|Any CPU
		{788620B0-E64D-4E72-96CA-2A2259A233F1}.Debug|Any CPU.ActiveCfg = Debug|Any CPU
		{788620B0-E64D-4E72-96CA-2A2259A233F1}.Debug|Any CPU.Build.0 = Debug|Any CPU
		{788620B0-E64D-4E72-96CA-2A2259A233F1}.Release|Any CPU.ActiveCfg = Release|Any CPU
		{788620B0-E64D-4E72-96CA-2A2259A233F1}.Release|Any CPU.Build.0 = Release|Any CPU
		{5123A692-7CDD-46FD-81E2-58B99A8EBB85}.Debug|Any CPU.ActiveCfg = Debug|Any CPU
		{5123A692-7CDD-46FD-81E2-58B99A8EBB85}.Debug|Any CPU.Build.0 = Debug|Any CPU
		{5123A692-7CDD-46FD-81E2-58B99A8EBB85}.Release|Any CPU.ActiveCfg = Release|Any CPU
		{5123A692-7CDD-46FD-81E2-58B99A8EBB85}.Release|Any CPU.Build.0 = Release|Any CPU
	EndGlobalSection
	GlobalSection(SolutionProperties) = preSolution
		HideSolutionNode = FALSE
	EndGlobalSection
	GlobalSection(ExtensibilityGlobals) = postSolution
		SolutionGuid = {A44FD569-DC06-4AB7-A72E-3016A8C63384}
	EndGlobalSection
EndGlobal
